
Microsoft Visual Studio Solution File, Format Version 12.00
# Visual Studio Version 17
VisualStudioVersion = 17.8.34408.163
MinimumVisualStudioVersion = 10.0.40219.1
Project("{9A19103F-16F7-4668-BE54-9A1E7A4F7556}") = "Contracts", "Contracts\Contracts.csproj", "{0B6C1258-A082-440E-ACF5-E0DCAB787969}"
EndProject
Project("{FAE04EC0-301F-11D3-BF4B-00C04F79EFBC}") = "Tools", "Tools\Tools.csproj", "{0FC40AD0-724A-4167-8C2E-DEB88F2715EE}"
EndProject
Global
	GlobalSection(SolutionConfigurationPlatforms) = preSolution
		Debug|Any CPU = Debug|Any CPU
		Release|Any CPU = Release|Any CPU
	EndGlobalSection
	GlobalSection(ProjectConfigurationPlatforms) = postSolution
		{0B6C1258-A082-440E-ACF5-E0DCAB787969}.Debug|Any CPU.ActiveCfg = Debug|Any CPU
		{0B6C1258-A082-440E-ACF5-E0DCAB787969}.Debug|Any CPU.Build.0 = Debug|Any CPU
		{0B6C1258-A082-440E-ACF5-E0DCAB787969}.Release|Any CPU.ActiveCfg = Release|Any CPU
		{0B6C1258-A082-440E-ACF5-E0DCAB787969}.Release|Any CPU.Build.0 = Release|Any CPU
		{0FC40AD0-724A-4167-8C2E-DEB88F2715EE}.Debug|Any CPU.ActiveCfg = Debug|Any CPU
		{0FC40AD0-724A-4167-8C2E-DEB88F2715EE}.Debug|Any CPU.Build.0 = Debug|Any CPU
		{0FC40AD0-724A-4167-8C2E-DEB88F2715EE}.Release|Any CPU.ActiveCfg = Release|Any CPU
		{0FC40AD0-724A-4167-8C2E-DEB88F2715EE}.Release|Any CPU.Build.0 = Release|Any CPU
	EndGlobalSection
	GlobalSection(SolutionProperties) = preSolution
		HideSolutionNode = FALSE
	EndGlobalSection
	GlobalSection(ExtensibilityGlobals) = postSolution
		SolutionGuid = {0CB7B185-B945-41EC-920A-CD0E7BCFB804}
	EndGlobalSection
EndGlobal
