
Microsoft Visual Studio Solution File, Format Version 12.00
# Visual Studio Version 17
VisualStudioVersion = 17.8.34408.163
MinimumVisualStudioVersion = 10.0.40219.1
Project("{9A19103F-16F7-4668-BE54-9A1E7A4F7556}") = "Contracts", "Contracts\Contracts.csproj", "{0B6C1258-A082-440E-ACF5-E0DCAB787969}"
EndProject
Project("{9A19103F-16F7-4668-BE54-9A1E7A4F7556}") = "Shared.Data", "Shared.Data\Shared.Data.csproj", "{D92C3520-B64F-43F1-905B-B48D48F02193}"
EndProject
Project("{9A19103F-16F7-4668-BE54-9A1E7A4F7556}") = "Shared.Kafka", "Shared.Kafka\Shared.Kafka.csproj", "{FA499DA9-FF62-4C89-A1FE-7E03F75071DB}"
EndProject
Project("{FAE04EC0-301F-11D3-BF4B-00C04F79EFBC}") = "Shared.Redis", "Shared.Redis\Shared.Redis.csproj", "{9719FAD1-3451-4FCA-B6C8-9564FA7DB23C}"
EndProject
Global
	GlobalSection(SolutionConfigurationPlatforms) = preSolution
		Debug|Any CPU = Debug|Any CPU
		Release|Any CPU = Release|Any CPU
	EndGlobalSection
	GlobalSection(ProjectConfigurationPlatforms) = postSolution
		{0B6C1258-A082-440E-ACF5-E0DCAB787969}.Debug|Any CPU.ActiveCfg = Debug|Any CPU
		{0B6C1258-A082-440E-ACF5-E0DCAB787969}.Debug|Any CPU.Build.0 = Debug|Any CPU
		{0B6C1258-A082-440E-ACF5-E0DCAB787969}.Release|Any CPU.ActiveCfg = Release|Any CPU
		{0B6C1258-A082-440E-ACF5-E0DCAB787969}.Release|Any CPU.Build.0 = Release|Any CPU
		{D92C3520-B64F-43F1-905B-B48D48F02193}.Debug|Any CPU.ActiveCfg = Debug|Any CPU
		{D92C3520-B64F-43F1-905B-B48D48F02193}.Debug|Any CPU.Build.0 = Debug|Any CPU
		{D92C3520-B64F-43F1-905B-B48D48F02193}.Release|Any CPU.ActiveCfg = Release|Any CPU
		{D92C3520-B64F-43F1-905B-B48D48F02193}.Release|Any CPU.Build.0 = Release|Any CPU
		{FA499DA9-FF62-4C89-A1FE-7E03F75071DB}.Debug|Any CPU.ActiveCfg = Debug|Any CPU
		{FA499DA9-FF62-4C89-A1FE-7E03F75071DB}.Debug|Any CPU.Build.0 = Debug|Any CPU
		{FA499DA9-FF62-4C89-A1FE-7E03F75071DB}.Release|Any CPU.ActiveCfg = Release|Any CPU
		{FA499DA9-FF62-4C89-A1FE-7E03F75071DB}.Release|Any CPU.Build.0 = Release|Any CPU
		{9719FAD1-3451-4FCA-B6C8-9564FA7DB23C}.Debug|Any CPU.ActiveCfg = Debug|Any CPU
		{9719FAD1-3451-4FCA-B6C8-9564FA7DB23C}.Debug|Any CPU.Build.0 = Debug|Any CPU
		{9719FAD1-3451-4FCA-B6C8-9564FA7DB23C}.Release|Any CPU.ActiveCfg = Release|Any CPU
		{9719FAD1-3451-4FCA-B6C8-9564FA7DB23C}.Release|Any CPU.Build.0 = Release|Any CPU
	EndGlobalSection
	GlobalSection(SolutionProperties) = preSolution
		HideSolutionNode = FALSE
	EndGlobalSection
	GlobalSection(ExtensibilityGlobals) = postSolution
		SolutionGuid = {0CB7B185-B945-41EC-920A-CD0E7BCFB804}
	EndGlobalSection
EndGlobal
